
Microsoft Visual Studio Solution File, Format Version 12.00
# Visual Studio Version 17
VisualStudioVersion = 17.14.36121.58
MinimumVisualStudioVersion = 10.0.40219.1
Project("{FAE04EC0-301F-11D3-BF4B-00C04F79EFBC}") = "Backend", "Backend\Backend.csproj", "{79C48E88-DECF-47CF-9D6D-2EB49A2CAB01}"
EndProject
Global
	GlobalSection(SolutionConfigurationPlatforms) = preSolution
		Debug|Any CPU = Debug|Any CPU
		Release|Any CPU = Release|Any CPU
	EndGlobalSection
	GlobalSection(ProjectConfigurationPlatforms) = postSolution
		{79C48E88-DECF-47CF-9D6D-2EB49A2CAB01}.Debug|Any CPU.ActiveCfg = Debug|Any CPU
		{79C48E88-DECF-47CF-9D6D-2EB49A2CAB01}.Debug|Any CPU.Build.0 = Debug|Any CPU
		{79C48E88-DECF-47CF-9D6D-2EB49A2CAB01}.Release|Any CPU.ActiveCfg = Release|Any CPU
		{79C48E88-DECF-47CF-9D6D-2EB49A2CAB01}.Release|Any CPU.Build.0 = Release|Any CPU
	EndGlobalSection
	GlobalSection(SolutionProperties) = preSolution
		HideSolutionNode = FALSE
	EndGlobalSection
	GlobalSection(ExtensibilityGlobals) = postSolution
		SolutionGuid = {89C3EED6-53BE-4A44-8C72-E789453228FB}
	EndGlobalSection
EndGlobal
